PODS:
  - HaptikCommerceLib (0.1.0)

DEPENDENCIES:
  - HaptikCommerceLib (from `../../`)

EXTERNAL SOURCES:
  HaptikCommerceLib:
    :path: "../../"

SPEC CHECKSUMS:
  HaptikCommerceLib: b5e864394cdae1fa12080d263d97c03e360d8116

PODFILE CHECKSUM: bbe08c3136ba8cf219ef213b2015fae11f0ef97a

COCOAPODS: 1.10.0
