PODS:
  - HaptikCommerceLib (1.0.0-t):
    - Starscream (~> 4.0)
  - Starscream (4.0.4)

DEPENDENCIES:
  - HaptikCommerceLib (from `../../`)

SPEC REPOS:
  trunk:
    - Starscream

EXTERNAL SOURCES:
  HaptikCommerceLib:
    :path: "../../"

SPEC CHECKSUMS:
  HaptikCommerceLib: 1d0c32a7d0c11850537793e015002935ca0841c0
  Starscream: 5178aed56b316f13fa3bc55694e583d35dd414d9

PODFILE CHECKSUM: e3dc97a398cf52f781f49c8ab59e9895e3eff52d

COCOAPODS: 1.11.3
