PODS:
  - HaptikCommerceLib (3.0.1)
  - Starscream (4.0.4)

DEPENDENCIES:
  - HaptikCommerceLib (from `../../`)
  - Starscream (= 4.0.4)

SPEC REPOS:
  trunk:
    - Starscream

EXTERNAL SOURCES:
  HaptikCommerceLib:
    :path: "../../"

SPEC CHECKSUMS:
  HaptikCommerceLib: d830b49f943606ba456b468876012695a2c2ef37
  Starscream: 5178aed56b316f13fa3bc55694e583d35dd414d9

PODFILE CHECKSUM: fd1094f7bc78606ee817808dc77c81ea4c60edad

COCOAPODS: 1.14.2
