// !$*UTF8*$!
{
	archiveVersion = 1;
	classes = {
	};
	objectVersion = 51;
	objects = {

/* Begin PBXBuildFile section */
		3B6C2EEA255E6F3400041CFF /* AppDelegate.swift in Sources */ = {isa = PBXBuildFile; fileRef = 3B6C2EE9255E6F3400041CFF /* AppDelegate.swift */; };
		3B6C2EEE255E6F3400041CFF /* ViewController.swift in Sources */ = {isa = PBXBuildFile; fileRef = 3B6C2EED255E6F3400041CFF /* ViewController.swift */; };
		3B6C2EF1255E6F3400041CFF /* Main.storyboard in Resources */ = {isa = PBXBuildFile; fileRef = 3B6C2EEF255E6F3400041CFF /* Main.storyboard */; };
		3B6C2EF3255E6F3500041CFF /* Assets.xcassets in Resources */ = {isa = PBXBuildFile; fileRef = 3B6C2EF2255E6F3500041CFF /* Assets.xcassets */; };
		3B6C2EF6255E6F3500041CFF /* LaunchScreen.storyboard in Resources */ = {isa = PBXBuildFile; fileRef = 3B6C2EF4255E6F3500041CFF /* LaunchScreen.storyboard */; };
		E004C5F1D212C9F1D3038C8C /* Pods_Demo_pod.framework in Frameworks */ = {isa = PBXBuildFile; fileRef = 0D58B67AC0835D00C780EC1E /* Pods_Demo_pod.framework */; };
/* End PBXBuildFile section */

/* Begin PBXFileReference section */
		0D58B67AC0835D00C780EC1E /* Pods_Demo_pod.framework */ = {isa = PBXFileReference; explicitFileType = wrapper.framework; includeInIndex = 0; path = Pods_Demo_pod.framework; sourceTree = BUILT_PRODUCTS_DIR; };
		3B6C2EE6255E6F3400041CFF /* Demo_pod.app */ = {isa = PBXFileReference; explicitFileType = wrapper.application; includeInIndex = 0; path = Demo_pod.app; sourceTree = BUILT_PRODUCTS_DIR; };
		3B6C2EE9255E6F3400041CFF /* AppDelegate.swift */ = {isa = PBXFileReference; lastKnownFileType = sourcecode.swift; path = AppDelegate.swift; sourceTree = "<group>"; };
		3B6C2EED255E6F3400041CFF /* ViewController.swift */ = {isa = PBXFileReference; lastKnownFileType = sourcecode.swift; path = ViewController.swift; sourceTree = "<group>"; };
		3B6C2EF0255E6F3400041CFF /* Base */ = {isa = PBXFileReference; lastKnownFileType = file.storyboard; name = Base; path = Base.lproj/Main.storyboard; sourceTree = "<group>"; };
		3B6C2EF2255E6F3500041CFF /* Assets.xcassets */ = {isa = PBXFileReference; lastKnownFileType = folder.assetcatalog; path = Assets.xcassets; sourceTree = "<group>"; };
		3B6C2EF5255E6F3500041CFF /* Base */ = {isa = PBXFileReference; lastKnownFileType = file.storyboard; name = Base; path = Base.lproj/LaunchScreen.storyboard; sourceTree = "<group>"; };
		3B6C2EF7255E6F3500041CFF /* Info.plist */ = {isa = PBXFileReference; lastKnownFileType = text.plist.xml; path = Info.plist; sourceTree = "<group>"; };
		527D88048739390B5E5FBD44 /* Pods-Demo_pod.debug.xcconfig */ = {isa = PBXFileReference; includeInIndex = 1; lastKnownFileType = text.xcconfig; name = "Pods-Demo_pod.debug.xcconfig"; path = "Target Support Files/Pods-Demo_pod/Pods-Demo_pod.debug.xcconfig"; sourceTree = "<group>"; };
		AC0C3B57E7354A41239DA716 /* Pods-Demo_pod.release.xcconfig */ = {isa = PBXFileReference; includeInIndex = 1; lastKnownFileType = text.xcconfig; name = "Pods-Demo_pod.release.xcconfig"; path = "Target Support Files/Pods-Demo_pod/Pods-Demo_pod.release.xcconfig"; sourceTree = "<group>"; };
/* End PBXFileReference section */

/* Begin PBXFrameworksBuildPhase section */
		3B6C2EE3255E6F3400041CFF /* Frameworks */ = {
			isa = PBXFrameworksBuildPhase;
			buildActionMask = 2147483647;
			files = (
				E004C5F1D212C9F1D3038C8C /* Pods_Demo_pod.framework in Frameworks */,
			);
			runOnlyForDeploymentPostprocessing = 0;
		};
/* End PBXFrameworksBuildPhase section */

/* Begin PBXGroup section */
		3B6C2EDD255E6F3300041CFF = {
			isa = PBXGroup;
			children = (
				3B6C2EE8255E6F3400041CFF /* Demo_pod */,
				3B6C2EE7255E6F3400041CFF /* Products */,
				E55155D0F0265B3DB2F18A09 /* Pods */,
				C8C246F01453106F25B6F85E /* Frameworks */,
			);
			sourceTree = "<group>";
		};
		3B6C2EE7255E6F3400041CFF /* Products */ = {
			isa = PBXGroup;
			children = (
				3B6C2EE6255E6F3400041CFF /* Demo_pod.app */,
			);
			name = Products;
			sourceTree = "<group>";
		};
		3B6C2EE8255E6F3400041CFF /* Demo_pod */ = {
			isa = PBXGroup;
			children = (
				3B6C2EE9255E6F3400041CFF /* AppDelegate.swift */,
				3B6C2EED255E6F3400041CFF /* ViewController.swift */,
				3B6C2EEF255E6F3400041CFF /* Main.storyboard */,
				3B6C2EF2255E6F3500041CFF /* Assets.xcassets */,
				3B6C2EF4255E6F3500041CFF /* LaunchScreen.storyboard */,
				3B6C2EF7255E6F3500041CFF /* Info.plist */,
			);
			path = Demo_pod;
			sourceTree = "<group>";
		};
		C8C246F01453106F25B6F85E /* Frameworks */ = {
			isa = PBXGroup;
			children = (
				0D58B67AC0835D00C780EC1E /* Pods_Demo_pod.framework */,
			);
			name = Frameworks;
			sourceTree = "<group>";
		};
		E55155D0F0265B3DB2F18A09 /* Pods */ = {
			isa = PBXGroup;
			children = (
				527D88048739390B5E5FBD44 /* Pods-Demo_pod.debug.xcconfig */,
				AC0C3B57E7354A41239DA716 /* Pods-Demo_pod.release.xcconfig */,
			);
			path = Pods;
			sourceTree = "<group>";
		};
/* End PBXGroup section */

/* Begin PBXNativeTarget section */
		3B6C2EE5255E6F3400041CFF /* Demo_pod */ = {
			isa = PBXNativeTarget;
			buildConfigurationList = 3B6C2EFA255E6F3500041CFF /* Build configuration list for PBXNativeTarget "Demo_pod" */;
			buildPhases = (
				FCAC497E2B887040080CC7E5 /* [CP] Check Pods Manifest.lock */,
				3B6C2EE2255E6F3400041CFF /* Sources */,
				3B6C2EE3255E6F3400041CFF /* Frameworks */,
				3B6C2EE4255E6F3400041CFF /* Resources */,
				66BEB17A0A23588A850209DD /* [CP] Embed Pods Frameworks */,
			);
			buildRules = (
			);
			dependencies = (
			);
			name = Demo_pod;
			productName = Demo_pod;
			productReference = 3B6C2EE6255E6F3400041CFF /* Demo_pod.app */;
			productType = "com.apple.product-type.application";
		};
/* End PBXNativeTarget section */

/* Begin PBXProject section */
		3B6C2EDE255E6F3300041CFF /* Project object */ = {
			isa = PBXProject;
			attributes = {
				LastSwiftUpdateCheck = 1220;
				LastUpgradeCheck = 1220;
				TargetAttributes = {
					3B6C2EE5255E6F3400041CFF = {
						CreatedOnToolsVersion = 12.2;
					};
				};
			};
			buildConfigurationList = 3B6C2EE1255E6F3300041CFF /* Build configuration list for PBXProject "Demo_pod" */;
			compatibilityVersion = "Xcode 9.3";
			developmentRegion = en;
			hasScannedForEncodings = 0;
			knownRegions = (
				en,
				Base,
			);
			mainGroup = 3B6C2EDD255E6F3300041CFF;
			productRefGroup = 3B6C2EE7255E6F3400041CFF /* Products */;
			projectDirPath = "";
			projectRoot = "";
			targets = (
				3B6C2EE5255E6F3400041CFF /* Demo_pod */,
			);
		};
/* End PBXProject section */

/* Begin PBXResourcesBuildPhase section */
		3B6C2EE4255E6F3400041CFF /* Resources */ = {
			isa = PBXResourcesBuildPhase;
			buildActionMask = 2147483647;
			files = (
				3B6C2EF6255E6F3500041CFF /* LaunchScreen.storyboard in Resources */,
				3B6C2EF3255E6F3500041CFF /* Assets.xcassets in Resources */,
				3B6C2EF1255E6F3400041CFF /* Main.storyboard in Resources */,
			);
			runOnlyForDeploymentPostprocessing = 0;
		};
/* End PBXResourcesBuildPhase section */

/* Begin PBXShellScriptBuildPhase section */
		66BEB17A0A23588A850209DD /* [CP] Embed Pods Frameworks */ = {
			isa = PBXShellScriptBuildPhase;
			buildActionMask = 2147483647;
			files = (
			);
			inputFileListPaths = (
				"${PODS_ROOT}/Target Support Files/Pods-Demo_pod/Pods-Demo_pod-frameworks-${CONFIGURATION}-input-files.xcfilelist",
			);
			name = "[CP] Embed Pods Frameworks";
			outputFileListPaths = (
				"${PODS_ROOT}/Target Support Files/Pods-Demo_pod/Pods-Demo_pod-frameworks-${CONFIGURATION}-output-files.xcfilelist",
			);
			runOnlyForDeploymentPostprocessing = 0;
			shellPath = /bin/sh;
			shellScript = "\"${PODS_ROOT}/Target Support Files/Pods-Demo_pod/Pods-Demo_pod-frameworks.sh\"\n";
			showEnvVarsInLog = 0;
		};
		FCAC497E2B887040080CC7E5 /* [CP] Check Pods Manifest.lock */ = {
			isa = PBXShellScriptBuildPhase;
			buildActionMask = 2147483647;
			files = (
			);
			inputFileListPaths = (
			);
			inputPaths = (
				"${PODS_PODFILE_DIR_PATH}/Podfile.lock",
				"${PODS_ROOT}/Manifest.lock",
			);
			name = "[CP] Check Pods Manifest.lock";
			outputFileListPaths = (
			);
			outputPaths = (
				"$(DERIVED_FILE_DIR)/Pods-Demo_pod-checkManifestLockResult.txt",
			);
			runOnlyForDeploymentPostprocessing = 0;
			shellPath = /bin/sh;
			shellScript = "diff \"${PODS_PODFILE_DIR_PATH}/Podfile.lock\" \"${PODS_ROOT}/Manifest.lock\" > /dev/null\nif [ $? != 0 ] ; then\n    # print error to STDERR\n    echo \"error: The sandbox is not in sync with the Podfile.lock. Run 'pod install' or update your CocoaPods installation.\" >&2\n    exit 1\nfi\n# This output is used by Xcode 'outputs' to avoid re-running this script phase.\necho \"SUCCESS\" > \"${SCRIPT_OUTPUT_FILE_0}\"\n";
			showEnvVarsInLog = 0;
		};
/* End PBXShellScriptBuildPhase section */

/* Begin PBXSourcesBuildPhase section */
		3B6C2EE2255E6F3400041CFF /* Sources */ = {
			isa = PBXSourcesBuildPhase;
			buildActionMask = 2147483647;
			files = (
				3B6C2EEE255E6F3400041CFF /* ViewController.swift in Sources */,
				3B6C2EEA255E6F3400041CFF /* AppDelegate.swift in Sources */,
			);
			runOnlyForDeploymentPostprocessing = 0;
		};
/* End PBXSourcesBuildPhase section */

/* Begin PBXVariantGroup section */
		3B6C2EEF255E6F3400041CFF /* Main.storyboard */ = {
			isa = PBXVariantGroup;
			children = (
				3B6C2EF0255E6F3400041CFF /* Base */,
			);
			name = Main.storyboard;
			sourceTree = "<group>";
		};
		3B6C2EF4255E6F3500041CFF /* LaunchScreen.storyboard */ = {
			isa = PBXVariantGroup;
			children = (
				3B6C2EF5255E6F3500041CFF /* Base */,
			);
			name = LaunchScreen.storyboard;
			sourceTree = "<group>";
		};
/* End PBXVariantGroup section */

/* Begin XCBuildConfiguration section */
		3B6C2EF8255E6F3500041CFF /* Debug */ = {
			isa = XCBuildConfiguration;
			buildSettings = {
				ALWAYS_SEARCH_USER_PATHS = NO;
				CLANG_ANALYZER_NONNULL = YES;
				CLANG_ANALYZER_NUMBER_OBJECT_CONVERSION = YES_AGGRESSIVE;
				CLANG_CXX_LANGUAGE_STANDARD = "gnu++14";
				CLANG_CXX_LIBRARY = "libc++";
				CLANG_ENABLE_MODULES = YES;
				CLANG_ENABLE_OBJC_ARC = YES;
				CLANG_ENABLE_OBJC_WEAK = YES;
				CLANG_WARN_BLOCK_CAPTURE_AUTORELEASING = YES;
				CLANG_WARN_BOOL_CONVERSION = YES;
				CLANG_WARN_COMMA = YES;
				CLANG_WARN_CONSTANT_CONVERSION = YES;
				CLANG_WARN_DEPRECATED_OBJC_IMPLEMENTATIONS = YES;
				CLANG_WARN_DIRECT_OBJC_ISA_USAGE = YES_ERROR;
				CLANG_WARN_DOCUMENTATION_COMMENTS = YES;
				CLANG_WARN_EMPTY_BODY = YES;
				CLANG_WARN_ENUM_CONVERSION = YES;
				CLANG_WARN_INFINITE_RECURSION = YES;
				CLANG_WARN_INT_CONVERSION = YES;
				CLANG_WARN_NON_LITERAL_NULL_CONVERSION = YES;
				CLANG_WARN_OBJC_IMPLICIT_RETAIN_SELF = YES;
				CLANG_WARN_OBJC_LITERAL_CONVERSION = YES;
				CLANG_WARN_OBJC_ROOT_CLASS = YES_ERROR;
				CLANG_WARN_QUOTED_INCLUDE_IN_FRAMEWORK_HEADER = YES;
				CLANG_WARN_RANGE_LOOP_ANALYSIS = YES;
				CLANG_WARN_STRICT_PROTOTYPES = YES;
				CLANG_WARN_SUSPICIOUS_MOVE = YES;
				CLANG_WARN_UNGUARDED_AVAILABILITY = YES_AGGRESSIVE;
				CLANG_WARN_UNREACHABLE_CODE = YES;
				CLANG_WARN__DUPLICATE_METHOD_MATCH = YES;
				COPY_PHASE_STRIP = NO;
				DEBUG_INFORMATION_FORMAT = dwarf;
				ENABLE_STRICT_OBJC_MSGSEND = YES;
				ENABLE_TESTABILITY = YES;
				GCC_C_LANGUAGE_STANDARD = gnu11;
				GCC_DYNAMIC_NO_PIC = NO;
				GCC_NO_COMMON_BLOCKS = YES;
				GCC_OPTIMIZATION_LEVEL = 0;
				GCC_PREPROCESSOR_DEFINITIONS = (
					"DEBUG=1",
					"$(inherited)",
				);
				GCC_WARN_64_TO_32_BIT_CONVERSION = YES;
				GCC_WARN_ABOUT_RETURN_TYPE = YES_ERROR;
				GCC_WARN_UNDECLARED_SELECTOR = YES;
				GCC_WARN_UNINITIALIZED_AUTOS = YES_AGGRESSIVE;
				GCC_WARN_UNUSED_FUNCTION = YES;
				GCC_WARN_UNUSED_VARIABLE = YES;
				IPHONEOS_DEPLOYMENT_TARGET = 14.2;
				MTL_ENABLE_DEBUG_INFO = INCLUDE_SOURCE;
				MTL_FAST_MATH = YES;
				ONLY_ACTIVE_ARCH = YES;
				SDKROOT = iphoneos;
				SWIFT_ACTIVE_COMPILATION_CONDITIONS = DEBUG;
				SWIFT_OPTIMIZATION_LEVEL = "-Onone";
			};
			name = Debug;
		};
		3B6C2EF9255E6F3500041CFF /* Release */ = {
			isa = XCBuildConfiguration;
			buildSettings = {
				ALWAYS_SEARCH_USER_PATHS = NO;
				CLANG_ANALYZER_NONNULL = YES;
				CLANG_ANALYZER_NUMBER_OBJECT_CONVERSION = YES_AGGRESSIVE;
				CLANG_CXX_LANGUAGE_STANDARD = "gnu++14";
				CLANG_CXX_LIBRARY = "libc++";
				CLANG_ENABLE_MODULES = YES;
				CLANG_ENABLE_OBJC_ARC = YES;
				CLANG_ENABLE_OBJC_WEAK = YES;
				CLANG_WARN_BLOCK_CAPTURE_AUTORELEASING = YES;
				CLANG_WARN_BOOL_CONVERSION = YES;
				CLANG_WARN_COMMA = YES;
				CLANG_WARN_CONSTANT_CONVERSION = YES;
				CLANG_WARN_DEPRECATED_OBJC_IMPLEMENTATIONS = YES;
				CLANG_WARN_DIRECT_OBJC_ISA_USAGE = YES_ERROR;
				CLANG_WARN_DOCUMENTATION_COMMENTS = YES;
				CLANG_WARN_EMPTY_BODY = YES;
				CLANG_WARN_ENUM_CONVERSION = YES;
				CLANG_WARN_INFINITE_RECURSION = YES;
				CLANG_WARN_INT_CONVERSION = YES;
				CLANG_WARN_NON_LITERAL_NULL_CONVERSION = YES;
				CLANG_WARN_OBJC_IMPLICIT_RETAIN_SELF = YES;
				CLANG_WARN_OBJC_LITERAL_CONVERSION = YES;
				CLANG_WARN_OBJC_ROOT_CLASS = YES_ERROR;
				CLANG_WARN_QUOTED_INCLUDE_IN_FRAMEWORK_HEADER = YES;
				CLANG_WARN_RANGE_LOOP_ANALYSIS = YES;
				CLANG_WARN_STRICT_PROTOTYPES = YES;
				CLANG_WARN_SUSPICIOUS_MOVE = YES;
				CLANG_WARN_UNGUARDED_AVAILABILITY = YES_AGGRESSIVE;
				CLANG_WARN_UNREACHABLE_CODE = YES;
				CLANG_WARN__DUPLICATE_METHOD_MATCH = YES;
				COPY_PHASE_STRIP = NO;
				DEBUG_INFORMATION_FORMAT = "dwarf-with-dsym";
				ENABLE_NS_ASSERTIONS = NO;
				ENABLE_STRICT_OBJC_MSGSEND = YES;
				GCC_C_LANGUAGE_STANDARD = gnu11;
				GCC_NO_COMMON_BLOCKS = YES;
				GCC_WARN_64_TO_32_BIT_CONVERSION = YES;
				GCC_WARN_ABOUT_RETURN_TYPE = YES_ERROR;
				GCC_WARN_UNDECLARED_SELECTOR = YES;
				GCC_WARN_UNINITIALIZED_AUTOS = YES_AGGRESSIVE;
				GCC_WARN_UNUSED_FUNCTION = YES;
				GCC_WARN_UNUSED_VARIABLE = YES;
				IPHONEOS_DEPLOYMENT_TARGET = 14.2;
				MTL_ENABLE_DEBUG_INFO = NO;
				MTL_FAST_MATH = YES;
				SDKROOT = iphoneos;
				SWIFT_COMPILATION_MODE = wholemodule;
				SWIFT_OPTIMIZATION_LEVEL = "-O";
				VALIDATE_PRODUCT = YES;
			};
			name = Release;
		};
		3B6C2EFB255E6F3500041CFF /* Debug */ = {
			isa = XCBuildConfiguration;
			baseConfigurationReference = 527D88048739390B5E5FBD44 /* Pods-Demo_pod.debug.xcconfig */;
			buildSettings = {
				ASSETCATALOG_COMPILER_APPICON_NAME = AppIcon;
				ASSETCATALOG_COMPILER_GLOBAL_ACCENT_COLOR_NAME = AccentColor;
				CODE_SIGN_STYLE = Automatic;
				DEVELOPMENT_TEAM = 6MKXXM927S;
				INFOPLIST_FILE = Demo_pod/Info.plist;
				IPHONEOS_DEPLOYMENT_TARGET = 13.0;
				LD_RUNPATH_SEARCH_PATHS = (
					"$(inherited)",
					"@executable_path/Frameworks",
				);
				PRODUCT_BUNDLE_IDENTIFIER = "com.haptik.example.Demo-pod";
				PRODUCT_NAME = "$(TARGET_NAME)";
				SWIFT_VERSION = 5.0;
				TARGETED_DEVICE_FAMILY = "1,2";
			};
			name = Debug;
		};
		3B6C2EFC255E6F3500041CFF /* Release */ = {
			isa = XCBuildConfiguration;
			baseConfigurationReference = AC0C3B57E7354A41239DA716 /* Pods-Demo_pod.release.xcconfig */;
			buildSettings = {
				ASSETCATALOG_COMPILER_APPICON_NAME = AppIcon;
				ASSETCATALOG_COMPILER_GLOBAL_ACCENT_COLOR_NAME = AccentColor;
				CODE_SIGN_STYLE = Automatic;
				DEVELOPMENT_TEAM = 6MKXXM927S;
				INFOPLIST_FILE = Demo_pod/Info.plist;
				IPHONEOS_DEPLOYMENT_TARGET = 13.0;
				LD_RUNPATH_SEARCH_PATHS = (
					"$(inherited)",
					"@executable_path/Frameworks",
				);
				PRODUCT_BUNDLE_IDENTIFIER = "com.haptik.example.Demo-pod";
				PRODUCT_NAME = "$(TARGET_NAME)";
				SWIFT_VERSION = 5.0;
				TARGETED_DEVICE_FAMILY = "1,2";
			};
			name = Release;
		};
/* End XCBuildConfiguration section */

/* Begin XCConfigurationList section */
		3B6C2EE1255E6F3300041CFF /* Build configuration list for PBXProject "Demo_pod" */ = {
			isa = XCConfigurationList;
			buildConfigurations = (
				3B6C2EF8255E6F3500041CFF /* Debug */,
				3B6C2EF9255E6F3500041CFF /* Release */,
			);
			defaultConfigurationIsVisible = 0;
			defaultConfigurationName = Release;
		};
		3B6C2EFA255E6F3500041CFF /* Build configuration list for PBXNativeTarget "Demo_pod" */ = {
			isa = XCConfigurationList;
			buildConfigurations = (
				3B6C2EFB255E6F3500041CFF /* Debug */,
				3B6C2EFC255E6F3500041CFF /* Release */,
			);
			defaultConfigurationIsVisible = 0;
			defaultConfigurationName = Release;
		};
/* End XCConfigurationList section */
	};
	rootObject = 3B6C2EDE255E6F3300041CFF /* Project object */;
}
